{
  "version": 4,
  "terraform_version": "0.14.5",
  "serial": 10,
  "lineage": "b39ffc08-aa09-9148-a1f6-918d4353536c",
  "outputs": {},
  "resources": [
    {
      "mode": "managed",
      "type": "hcloud_network",
      "name": "web_service_network",
      "provider": "provider[\"registry.terraform.io/hetznercloud/hcloud\"]",
      "instances": [
        {
          "schema_version": 0,
          "attributes": {
            "delete_protection": false,
            "id": "2139840",
            "ip_range": "10.0.0.0/16",
            "labels": null,
            "name": "web-service-network"
          },
          "sensitive_attributes": [],
          "private": "bnVsbA=="
        }
      ]
    },
    {
      "mode": "managed",
      "type": "hcloud_network_subnet",
      "name": "web_service_subnet",
      "provider": "provider[\"registry.terraform.io/hetznercloud/hcloud\"]",
      "instances": [
        {
          "schema_version": 0,
          "attributes": {
            "gateway": "10.0.0.1",
            "id": "2139840-10.0.2.0/24",
            "ip_range": "10.0.2.0/24",
            "network_id": 2139840,
            "network_zone": "eu-central",
            "type": "cloud",
            "vswitch_id": null
          },
          "sensitive_attributes": [],
          "private": "bnVsbA==",
          "dependencies": [
            "hcloud_network.web_service_network"
          ]
        }
      ]
    },
    {
      "mode": "managed",
      "type": "hcloud_server",
      "name": "docker_back_end",
      "provider": "provider[\"registry.terraform.io/hetznercloud/hcloud\"]",
      "instances": []
    },
    {
      "mode": "managed",
      "type": "hcloud_server",
      "name": "nginx_front_end",
      "provider": "provider[\"registry.terraform.io/hetznercloud/hcloud\"]",
      "instances": []
    }
  ]
}
